{
  "name": "glcompute",
  "version": "1.0.0",
  "lockfileVersion": 1,
  "requires": true,
  "dependencies": {
    "@petamoriken/float16": {
      "version": "2.0.0",
      "resolved": "https://registry.npmjs.org/@petamoriken/float16/-/float16-2.0.0.tgz",
      "integrity": "sha512-1aRXdJ8kiHF1jdnn7aVEGrcO0xF4eiKbt2zvUTQJXlnku3mXeDAGZEuGH3XN7QasBomAA1yFnabYSryFheRYsA==",
      "requires": {
        "lodash": ">=4.17.5 <5.0.0",
        "lodash-es": ">=4.17.5 <5.0.0"
      }
    },
    "ccapture.js": {
      "version": "1.1.0",
      "resolved": "https://registry.npmjs.org/ccapture.js/-/ccapture.js-1.1.0.tgz",
      "integrity": "sha512-28kiHJzFsZ6b0OTfKpWpEwK2n/LTAgytK1uzB+413dzjHltdh2hP5Yg2qR0+9Xw3XoBMz5UkGCh8Ektr2rVlmw=="
    },
    "lodash": {
      "version": "4.17.20",
      "resolved": "https://registry.npmjs.org/lodash/-/lodash-4.17.20.tgz",
      "integrity": "sha512-PlhdFcillOINfeV7Ni6oF1TAEayyZBoZ8bcshTHqOYJYlrqzRK5hagpagky5o4HfCzzd1TRkXPMFq6cKk9rGmA=="
    },
    "lodash-es": {
      "version": "4.17.15",
      "resolved": "https://registry.npmjs.org/lodash-es/-/lodash-es-4.17.15.tgz",
      "integrity": "sha512-rlrc3yU3+JNOpZ9zj5pQtxnx2THmvRykwL4Xlxoa8I9lHBlVbbyPhgyPMioxVZ4NqyxaVVtaJnzsyOidQIhyyQ=="
    },
    "typescript": {
      "version": "4.0.5",
      "resolved": "https://registry.npmjs.org/typescript/-/typescript-4.0.5.tgz",
      "integrity": "sha512-ywmr/VrTVCmNTJ6iV2LwIrfG1P+lv6luD8sUJs+2eI9NLGigaN+nUQc13iHqisq7bra9lnmUSYqbJvegraBOPQ==",
      "dev": true
    }
  }
}
